
Microsoft Visual Studio Solution File, Format Version 11.00
# Visual Studio 2010
Project("{FAE04EC0-301F-11D3-BF4B-00C04F79EFBC}") = "OrquestraErrorLogParses", "OrquestraErrorLogParses.csproj", "{20E5D7C7-E29C-4D09-BDCC-9B429E309596}"
EndProject
Project("{FAE04EC0-301F-11D3-BF4B-00C04F79EFBC}") = "OrquestraErrorLogTest", "OrquestraErrorLogTest\OrquestraErrorLogTest.csproj", "{393DAC9C-7C22-478B-813A-D6DA191F5DF3}"
EndProject
Project("{2150E333-8FDC-42A3-9474-1A3956D46DE8}") = "Solution Items", "Solution Items", "{2EF3E158-B751-48E8-AB31-97C3F8073BF6}"
	ProjectSection(SolutionItems) = preProject
		Local.testsettings = Local.testsettings
		OrquestraErrorLogParses.vsmdi = OrquestraErrorLogParses.vsmdi
		TraceAndTestImpact.testsettings = TraceAndTestImpact.testsettings
	EndProjectSection
EndProject
Global
	GlobalSection(TestCaseManagementSettings) = postSolution
		CategoryFile = OrquestraErrorLogParses.vsmdi
	EndGlobalSection
	GlobalSection(SolutionConfigurationPlatforms) = preSolution
		Debug|Any CPU = Debug|Any CPU
		Debug|Mixed Platforms = Debug|Mixed Platforms
		Debug|x86 = Debug|x86
		Release|Any CPU = Release|Any CPU
		Release|Mixed Platforms = Release|Mixed Platforms
		Release|x86 = Release|x86
	EndGlobalSection
	GlobalSection(ProjectConfigurationPlatforms) = postSolution
		{20E5D7C7-E29C-4D09-BDCC-9B429E309596}.Debug|Any CPU.ActiveCfg = Debug|x86
		{20E5D7C7-E29C-4D09-BDCC-9B429E309596}.Debug|Mixed Platforms.ActiveCfg = Debug|x86
		{20E5D7C7-E29C-4D09-BDCC-9B429E309596}.Debug|Mixed Platforms.Build.0 = Debug|x86
		{20E5D7C7-E29C-4D09-BDCC-9B429E309596}.Debug|x86.ActiveCfg = Debug|x86
		{20E5D7C7-E29C-4D09-BDCC-9B429E309596}.Debug|x86.Build.0 = Debug|x86
		{20E5D7C7-E29C-4D09-BDCC-9B429E309596}.Release|Any CPU.ActiveCfg = Release|x86
		{20E5D7C7-E29C-4D09-BDCC-9B429E309596}.Release|Mixed Platforms.ActiveCfg = Release|x86
		{20E5D7C7-E29C-4D09-BDCC-9B429E309596}.Release|Mixed Platforms.Build.0 = Release|x86
		{20E5D7C7-E29C-4D09-BDCC-9B429E309596}.Release|x86.ActiveCfg = Release|x86
		{20E5D7C7-E29C-4D09-BDCC-9B429E309596}.Release|x86.Build.0 = Release|x86
		{393DAC9C-7C22-478B-813A-D6DA191F5DF3}.Debug|Any CPU.ActiveCfg = Debug|Any CPU
		{393DAC9C-7C22-478B-813A-D6DA191F5DF3}.Debug|Any CPU.Build.0 = Debug|Any CPU
		{393DAC9C-7C22-478B-813A-D6DA191F5DF3}.Debug|Mixed Platforms.ActiveCfg = Debug|Any CPU
		{393DAC9C-7C22-478B-813A-D6DA191F5DF3}.Debug|Mixed Platforms.Build.0 = Debug|Any CPU
		{393DAC9C-7C22-478B-813A-D6DA191F5DF3}.Debug|x86.ActiveCfg = Debug|Any CPU
		{393DAC9C-7C22-478B-813A-D6DA191F5DF3}.Release|Any CPU.ActiveCfg = Release|Any CPU
		{393DAC9C-7C22-478B-813A-D6DA191F5DF3}.Release|Any CPU.Build.0 = Release|Any CPU
		{393DAC9C-7C22-478B-813A-D6DA191F5DF3}.Release|Mixed Platforms.ActiveCfg = Release|Any CPU
		{393DAC9C-7C22-478B-813A-D6DA191F5DF3}.Release|Mixed Platforms.Build.0 = Release|Any CPU
		{393DAC9C-7C22-478B-813A-D6DA191F5DF3}.Release|x86.ActiveCfg = Release|Any CPU
	EndGlobalSection
	GlobalSection(SolutionProperties) = preSolution
		HideSolutionNode = FALSE
	EndGlobalSection
EndGlobal
